
Microsoft Visual Studio Solution File, Format Version 12.00
# Visual Studio Version 17
VisualStudioVersion = 17.6.33723.286
MinimumVisualStudioVersion = 10.0.40219.1
Project("{FAE04EC0-301F-11D3-BF4B-00C04F79EFBC}") = "SignIn", "SignIn\SignIn.csproj", "{53ECB439-8453-4527-992B-C6258D01331E}"
EndProject
Global
	GlobalSection(SolutionConfigurationPlatforms) = preSolution
		Debug|Any CPU = Debug|Any CPU
		Release|Any CPU = Release|Any CPU
	EndGlobalSection
	GlobalSection(ProjectConfigurationPlatforms) = postSolution
		{53ECB439-8453-4527-992B-C6258D01331E}.Debug|Any CPU.ActiveCfg = Debug|Any CPU
		{53ECB439-8453-4527-992B-C6258D01331E}.Debug|Any CPU.Build.0 = Debug|Any CPU
		{53ECB439-8453-4527-992B-C6258D01331E}.Release|Any CPU.ActiveCfg = Release|Any CPU
		{53ECB439-8453-4527-992B-C6258D01331E}.Release|Any CPU.Build.0 = Release|Any CPU
	EndGlobalSection
	GlobalSection(SolutionProperties) = preSolution
		HideSolutionNode = FALSE
	EndGlobalSection
	GlobalSection(ExtensibilityGlobals) = postSolution
		SolutionGuid = {A7453E61-EFB3-4A6D-B145-E67F1D82B225}
	EndGlobalSection
EndGlobal
